
Microsoft Visual Studio Solution File, Format Version 12.00
# Visual Studio Version 16
VisualStudioVersion = 16.0.30621.155
MinimumVisualStudioVersion = 10.0.40219.1
Project("{FAE04EC0-301F-11D3-BF4B-00C04F79EFBC}") = "sf-17-5-2", "sf-17-5-2\sf-17-5-2.csproj", "{ED7DF155-01B1-48C6-B7F7-75839C4B7764}"
EndProject
Global
	GlobalSection(SolutionConfigurationPlatforms) = preSolution
		Debug|Any CPU = Debug|Any CPU
		Release|Any CPU = Release|Any CPU
	EndGlobalSection
	GlobalSection(ProjectConfigurationPlatforms) = postSolution
		{ED7DF155-01B1-48C6-B7F7-75839C4B7764}.Debug|Any CPU.ActiveCfg = Debug|Any CPU
		{ED7DF155-01B1-48C6-B7F7-75839C4B7764}.Debug|Any CPU.Build.0 = Debug|Any CPU
		{ED7DF155-01B1-48C6-B7F7-75839C4B7764}.Release|Any CPU.ActiveCfg = Release|Any CPU
		{ED7DF155-01B1-48C6-B7F7-75839C4B7764}.Release|Any CPU.Build.0 = Release|Any CPU
	EndGlobalSection
	GlobalSection(SolutionProperties) = preSolution
		HideSolutionNode = FALSE
	EndGlobalSection
	GlobalSection(ExtensibilityGlobals) = postSolution
		SolutionGuid = {B7917728-A75C-4FF6-8E0B-FF5E68664A78}
	EndGlobalSection
EndGlobal
